// !$*UTF8*$!
{
	archiveVersion = 1;
	classes = {
	};
	objectVersion = 46;
	objects = {

/* Begin PBXBuildFile section */
		FE7E00221AFD3D1000068EE3 /* AppDelegate.swift in Sources */ = {isa = PBXBuildFile; fileRef = FE7E00211AFD3D1000068EE3 /* AppDelegate.swift */; };
		FE7E00241AFD3D1000068EE3 /* ViewController.swift in Sources */ = {isa = PBXBuildFile; fileRef = FE7E00231AFD3D1000068EE3 /* ViewController.swift */; };
		FE7E00271AFD3D1000068EE3 /* Main.storyboard in Resources */ = {isa = PBXBuildFile; fileRef = FE7E00251AFD3D1000068EE3 /* Main.storyboard */; };
		FE7E00291AFD3D1000068EE3 /* Images.xcassets in Resources */ = {isa = PBXBuildFile; fileRef = FE7E00281AFD3D1000068EE3 /* Images.xcassets */; };
		FE7E002C1AFD3D1000068EE3 /* LaunchScreen.xib in Resources */ = {isa = PBXBuildFile; fileRef = FE7E002A1AFD3D1000068EE3 /* LaunchScreen.xib */; };
		FE7E00381AFD3D1000068EE3 /* RatingsTests.swift in Sources */ = {isa = PBXBuildFile; fileRef = FE7E00371AFD3D1000068EE3 /* RatingsTests.swift */; };
		FE7E00421AFD79D000068EE3 /* PlayersViewController.swift in Sources */ = {isa = PBXBuildFile; fileRef = FE7E00411AFD79D000068EE3 /* PlayersViewController.swift */; };
		FE7E00441AFD7B1500068EE3 /* Player.swift in Sources */ = {isa = PBXBuildFile; fileRef = FE7E00431AFD7B1500068EE3 /* Player.swift */; };
		FE7E00461AFD7BAF00068EE3 /* SampleData.swift in Sources */ = {isa = PBXBuildFile; fileRef = FE7E00451AFD7BAF00068EE3 /* SampleData.swift */; };
/* End PBXBuildFile section */

/* Begin PBXContainerItemProxy section */
		FE7E00321AFD3D1000068EE3 /* PBXContainerItemProxy */ = {
			isa = PBXContainerItemProxy;
			containerPortal = FE7E00141AFD3D0F00068EE3 /* Project object */;
			proxyType = 1;
			remoteGlobalIDString = FE7E001B1AFD3D0F00068EE3;
			remoteInfo = Ratings;
		};
/* End PBXContainerItemProxy section */

/* Begin PBXFileReference section */
		FE7E001C1AFD3D1000068EE3 /* Ratings.app */ = {isa = PBXFileReference; explicitFileType = wrapper.application; includeInIndex = 0; path = Ratings.app; sourceTree = BUILT_PRODUCTS_DIR; };
		FE7E00201AFD3D1000068EE3 /* Info.plist */ = {isa = PBXFileReference; lastKnownFileType = text.plist.xml; path = Info.plist; sourceTree = "<group>"; };
		FE7E00211AFD3D1000068EE3 /* AppDelegate.swift */ = {isa = PBXFileReference; lastKnownFileType = sourcecode.swift; path = AppDelegate.swift; sourceTree = "<group>"; };
		FE7E00231AFD3D1000068EE3 /* ViewController.swift */ = {isa = PBXFileReference; lastKnownFileType = sourcecode.swift; path = ViewController.swift; sourceTree = "<group>"; };
		FE7E00261AFD3D1000068EE3 /* Base */ = {isa = PBXFileReference; lastKnownFileType = file.storyboard; name = Base; path = Base.lproj/Main.storyboard; sourceTree = "<group>"; };
		FE7E00281AFD3D1000068EE3 /* Images.xcassets */ = {isa = PBXFileReference; lastKnownFileType = folder.assetcatalog; path = Images.xcassets; sourceTree = "<group>"; };
		FE7E002B1AFD3D1000068EE3 /* Base */ = {isa = PBXFileReference; lastKnownFileType = file.xib; name = Base; path = Base.lproj/LaunchScreen.xib; sourceTree = "<group>"; };
		FE7E00311AFD3D1000068EE3 /* RatingsTests.xctest */ = {isa = PBXFileReference; explicitFileType = wrapper.cfbundle; includeInIndex = 0; path = RatingsTests.xctest; sourceTree = BUILT_PRODUCTS_DIR; };
		FE7E00361AFD3D1000068EE3 /* Info.plist */ = {isa = PBXFileReference; lastKnownFileType = text.plist.xml; path = Info.plist; sourceTree = "<group>"; };
		FE7E00371AFD3D1000068EE3 /* RatingsTests.swift */ = {isa = PBXFileReference; lastKnownFileType = sourcecode.swift; path = RatingsTests.swift; sourceTree = "<group>"; };
		FE7E00411AFD79D000068EE3 /* PlayersViewController.swift */ = {isa = PBXFileReference; fileEncoding = 4; lastKnownFileType = sourcecode.swift; name = PlayersViewController.swift; path = ../PlayersViewController.swift; sourceTree = "<group>"; };
		FE7E00431AFD7B1500068EE3 /* Player.swift */ = {isa = PBXFileReference; fileEncoding = 4; lastKnownFileType = sourcecode.swift; name = Player.swift; path = ../Player.swift; sourceTree = "<group>"; };
		FE7E00451AFD7BAF00068EE3 /* SampleData.swift */ = {isa = PBXFileReference; fileEncoding = 4; lastKnownFileType = sourcecode.swift; path = SampleData.swift; sourceTree = "<group>"; };
/* End PBXFileReference section */

/* Begin PBXFrameworksBuildPhase section */
		FE7E00191AFD3D0F00068EE3 /* Frameworks */ = {
			isa = PBXFrameworksBuildPhase;
			buildActionMask = 2147483647;
			files = (
			);
			runOnlyForDeploymentPostprocessing = 0;
		};
		FE7E002E1AFD3D1000068EE3 /* Frameworks */ = {
			isa = PBXFrameworksBuildPhase;
			buildActionMask = 2147483647;
			files = (
			);
			runOnlyForDeploymentPostprocessing = 0;
		};
/* End PBXFrameworksBuildPhase section */

/* Begin PBXGroup section */
		FE7E00131AFD3D0F00068EE3 = {
			isa = PBXGroup;
			children = (
				FE7E001E1AFD3D1000068EE3 /* Ratings */,
				FE7E00341AFD3D1000068EE3 /* RatingsTests */,
				FE7E001D1AFD3D1000068EE3 /* Products */,
			);
			sourceTree = "<group>";
		};
		FE7E001D1AFD3D1000068EE3 /* Products */ = {
			isa = PBXGroup;
			children = (
				FE7E001C1AFD3D1000068EE3 /* Ratings.app */,
				FE7E00311AFD3D1000068EE3 /* RatingsTests.xctest */,
			);
			name = Products;
			sourceTree = "<group>";
		};
		FE7E001E1AFD3D1000068EE3 /* Ratings */ = {
			isa = PBXGroup;
			children = (
				FE7E00451AFD7BAF00068EE3 /* SampleData.swift */,
				FE7E00431AFD7B1500068EE3 /* Player.swift */,
				FE7E00411AFD79D000068EE3 /* PlayersViewController.swift */,
				FE7E00211AFD3D1000068EE3 /* AppDelegate.swift */,
				FE7E00231AFD3D1000068EE3 /* ViewController.swift */,
				FE7E00251AFD3D1000068EE3 /* Main.storyboard */,
				FE7E00281AFD3D1000068EE3 /* Images.xcassets */,
				FE7E002A1AFD3D1000068EE3 /* LaunchScreen.xib */,
				FE7E001F1AFD3D1000068EE3 /* Supporting Files */,
			);
			path = Ratings;
			sourceTree = "<group>";
		};
		FE7E001F1AFD3D1000068EE3 /* Supporting Files */ = {
			isa = PBXGroup;
			children = (
				FE7E00201AFD3D1000068EE3 /* Info.plist */,
			);
			name = "Supporting Files";
			sourceTree = "<group>";
		};
		FE7E00341AFD3D1000068EE3 /* RatingsTests */ = {
			isa = PBXGroup;
			children = (
				FE7E00371AFD3D1000068EE3 /* RatingsTests.swift */,
				FE7E00351AFD3D1000068EE3 /* Supporting Files */,
			);
			path = RatingsTests;
			sourceTree = "<group>";
		};
		FE7E00351AFD3D1000068EE3 /* Supporting Files */ = {
			isa = PBXGroup;
			children = (
				FE7E00361AFD3D1000068EE3 /* Info.plist */,
			);
			name = "Supporting Files";
			sourceTree = "<group>";
		};
/* End PBXGroup section */

/* Begin PBXNativeTarget section */
		FE7E001B1AFD3D0F00068EE3 /* Ratings */ = {
			isa = PBXNativeTarget;
			buildConfigurationList = FE7E003B1AFD3D1000068EE3 /* Build configuration list for PBXNativeTarget "Ratings" */;
			buildPhases = (
				FE7E00181AFD3D0F00068EE3 /* Sources */,
				FE7E00191AFD3D0F00068EE3 /* Frameworks */,
				FE7E001A1AFD3D0F00068EE3 /* Resources */,
			);
			buildRules = (
			);
			dependencies = (
			);
			name = Ratings;
			productName = Ratings;
			productReference = FE7E001C1AFD3D1000068EE3 /* Ratings.app */;
			productType = "com.apple.product-type.application";
		};
		FE7E00301AFD3D1000068EE3 /* RatingsTests */ = {
			isa = PBXNativeTarget;
			buildConfigurationList = FE7E003E1AFD3D1000068EE3 /* Build configuration list for PBXNativeTarget "RatingsTests" */;
			buildPhases = (
				FE7E002D1AFD3D1000068EE3 /* Sources */,
				FE7E002E1AFD3D1000068EE3 /* Frameworks */,
				FE7E002F1AFD3D1000068EE3 /* Resources */,
			);
			buildRules = (
			);
			dependencies = (
				FE7E00331AFD3D1000068EE3 /* PBXTargetDependency */,
			);
			name = RatingsTests;
			productName = RatingsTests;
			productReference = FE7E00311AFD3D1000068EE3 /* RatingsTests.xctest */;
			productType = "com.apple.product-type.bundle.unit-test";
		};
/* End PBXNativeTarget section */

/* Begin PBXProject section */
		FE7E00141AFD3D0F00068EE3 /* Project object */ = {
			isa = PBXProject;
			attributes = {
				LastUpgradeCheck = 0610;
				ORGANIZATIONNAME = "Peter Bogatsky";
				TargetAttributes = {
					FE7E001B1AFD3D0F00068EE3 = {
						CreatedOnToolsVersion = 6.1.1;
					};
					FE7E00301AFD3D1000068EE3 = {
						CreatedOnToolsVersion = 6.1.1;
						TestTargetID = FE7E001B1AFD3D0F00068EE3;
					};
				};
			};
			buildConfigurationList = FE7E00171AFD3D0F00068EE3 /* Build configuration list for PBXProject "Ratings" */;
			compatibilityVersion = "Xcode 3.2";
			developmentRegion = English;
			hasScannedForEncodings = 0;
			knownRegions = (
				en,
				Base,
			);
			mainGroup = FE7E00131AFD3D0F00068EE3;
			productRefGroup = FE7E001D1AFD3D1000068EE3 /* Products */;
			projectDirPath = "";
			projectRoot = "";
			targets = (
				FE7E001B1AFD3D0F00068EE3 /* Ratings */,
				FE7E00301AFD3D1000068EE3 /* RatingsTests */,
			);
		};
/* End PBXProject section */

/* Begin PBXResourcesBuildPhase section */
		FE7E001A1AFD3D0F00068EE3 /* Resources */ = {
			isa = PBXResourcesBuildPhase;
			buildActionMask = 2147483647;
			files = (
				FE7E00271AFD3D1000068EE3 /* Main.storyboard in Resources */,
				FE7E002C1AFD3D1000068EE3 /* LaunchScreen.xib in Resources */,
				FE7E00291AFD3D1000068EE3 /* Images.xcassets in Resources */,
			);
			runOnlyForDeploymentPostprocessing = 0;
		};
		FE7E002F1AFD3D1000068EE3 /* Resources */ = {
			isa = PBXResourcesBuildPhase;
			buildActionMask = 2147483647;
			files = (
			);
			runOnlyForDeploymentPostprocessing = 0;
		};
/* End PBXResourcesBuildPhase section */

/* Begin PBXSourcesBuildPhase section */
		FE7E00181AFD3D0F00068EE3 /* Sources */ = {
			isa = PBXSourcesBuildPhase;
			buildActionMask = 2147483647;
			files = (
				FE7E00441AFD7B1500068EE3 /* Player.swift in Sources */,
				FE7E00241AFD3D1000068EE3 /* ViewController.swift in Sources */,
				FE7E00221AFD3D1000068EE3 /* AppDelegate.swift in Sources */,
				FE7E00461AFD7BAF00068EE3 /* SampleData.swift in Sources */,
				FE7E00421AFD79D000068EE3 /* PlayersViewController.swift in Sources */,
			);
			runOnlyForDeploymentPostprocessing = 0;
		};
		FE7E002D1AFD3D1000068EE3 /* Sources */ = {
			isa = PBXSourcesBuildPhase;
			buildActionMask = 2147483647;
			files = (
				FE7E00381AFD3D1000068EE3 /* RatingsTests.swift in Sources */,
			);
			runOnlyForDeploymentPostprocessing = 0;
		};
/* End PBXSourcesBuildPhase section */

/* Begin PBXTargetDependency section */
		FE7E00331AFD3D1000068EE3 /* PBXTargetDependency */ = {
			isa = PBXTargetDependency;
			target = FE7E001B1AFD3D0F00068EE3 /* Ratings */;
			targetProxy = FE7E00321AFD3D1000068EE3 /* PBXContainerItemProxy */;
		};
/* End PBXTargetDependency section */

/* Begin PBXVariantGroup section */
		FE7E00251AFD3D1000068EE3 /* Main.storyboard */ = {
			isa = PBXVariantGroup;
			children = (
				FE7E00261AFD3D1000068EE3 /* Base */,
			);
			name = Main.storyboard;
			sourceTree = "<group>";
		};
		FE7E002A1AFD3D1000068EE3 /* LaunchScreen.xib */ = {
			isa = PBXVariantGroup;
			children = (
				FE7E002B1AFD3D1000068EE3 /* Base */,
			);
			name = LaunchScreen.xib;
			sourceTree = "<group>";
		};
/* End PBXVariantGroup section */

/* Begin XCBuildConfiguration section */
		FE7E00391AFD3D1000068EE3 /* Debug */ = {
			isa = XCBuildConfiguration;
			buildSettings = {
				ALWAYS_SEARCH_USER_PATHS = NO;
				CLANG_CXX_LANGUAGE_STANDARD = "gnu++0x";
				CLANG_CXX_LIBRARY = "libc++";
				CLANG_ENABLE_MODULES = YES;
				CLANG_ENABLE_OBJC_ARC = YES;
				CLANG_WARN_BOOL_CONVERSION = YES;
				CLANG_WARN_CONSTANT_CONVERSION = YES;
				CLANG_WARN_DIRECT_OBJC_ISA_USAGE = YES_ERROR;
				CLANG_WARN_EMPTY_BODY = YES;
				CLANG_WARN_ENUM_CONVERSION = YES;
				CLANG_WARN_INT_CONVERSION = YES;
				CLANG_WARN_OBJC_ROOT_CLASS = YES_ERROR;
				CLANG_WARN_UNREACHABLE_CODE = YES;
				CLANG_WARN__DUPLICATE_METHOD_MATCH = YES;
				"CODE_SIGN_IDENTITY[sdk=iphoneos*]" = "iPhone Developer";
				COPY_PHASE_STRIP = NO;
				ENABLE_STRICT_OBJC_MSGSEND = YES;
				GCC_C_LANGUAGE_STANDARD = gnu99;
				GCC_DYNAMIC_NO_PIC = NO;
				GCC_OPTIMIZATION_LEVEL = 0;
				GCC_PREPROCESSOR_DEFINITIONS = (
					"DEBUG=1",
					"$(inherited)",
				);
				GCC_SYMBOLS_PRIVATE_EXTERN = NO;
				GCC_WARN_64_TO_32_BIT_CONVERSION = YES;
				GCC_WARN_ABOUT_RETURN_TYPE = YES_ERROR;
				GCC_WARN_UNDECLARED_SELECTOR = YES;
				GCC_WARN_UNINITIALIZED_AUTOS = YES_AGGRESSIVE;
				GCC_WARN_UNUSED_FUNCTION = YES;
				GCC_WARN_UNUSED_VARIABLE = YES;
				IPHONEOS_DEPLOYMENT_TARGET = 8.1;
				MTL_ENABLE_DEBUG_INFO = YES;
				ONLY_ACTIVE_ARCH = YES;
				SDKROOT = iphoneos;
				SWIFT_OPTIMIZATION_LEVEL = "-Onone";
			};
			name = Debug;
		};
		FE7E003A1AFD3D1000068EE3 /* Release */ = {
			isa = XCBuildConfiguration;
			buildSettings = {
				ALWAYS_SEARCH_USER_PATHS = NO;
				CLANG_CXX_LANGUAGE_STANDARD = "gnu++0x";
				CLANG_CXX_LIBRARY = "libc++";
				CLANG_ENABLE_MODULES = YES;
				CLANG_ENABLE_OBJC_ARC = YES;
				CLANG_WARN_BOOL_CONVERSION = YES;
				CLANG_WARN_CONSTANT_CONVERSION = YES;
				CLANG_WARN_DIRECT_OBJC_ISA_USAGE = YES_ERROR;
				CLANG_WARN_EMPTY_BODY = YES;
				CLANG_WARN_ENUM_CONVERSION = YES;
				CLANG_WARN_INT_CONVERSION = YES;
				CLANG_WARN_OBJC_ROOT_CLASS = YES_ERROR;
				CLANG_WARN_UNREACHABLE_CODE = YES;
				CLANG_WARN__DUPLICATE_METHOD_MATCH = YES;
				"CODE_SIGN_IDENTITY[sdk=iphoneos*]" = "iPhone Developer";
				COPY_PHASE_STRIP = YES;
				ENABLE_NS_ASSERTIONS = NO;
				ENABLE_STRICT_OBJC_MSGSEND = YES;
				GCC_C_LANGUAGE_STANDARD = gnu99;
				GCC_WARN_64_TO_32_BIT_CONVERSION = YES;
				GCC_WARN_ABOUT_RETURN_TYPE = YES_ERROR;
				GCC_WARN_UNDECLARED_SELECTOR = YES;
				GCC_WARN_UNINITIALIZED_AUTOS = YES_AGGRESSIVE;
				GCC_WARN_UNUSED_FUNCTION = YES;
				GCC_WARN_UNUSED_VARIABLE = YES;
				IPHONEOS_DEPLOYMENT_TARGET = 8.1;
				MTL_ENABLE_DEBUG_INFO = NO;
				SDKROOT = iphoneos;
				VALIDATE_PRODUCT = YES;
			};
			name = Release;
		};
		FE7E003C1AFD3D1000068EE3 /* Debug */ = {
			isa = XCBuildConfiguration;
			buildSettings = {
				ASSETCATALOG_COMPILER_APPICON_NAME = AppIcon;
				INFOPLIST_FILE = Ratings/Info.plist;
				LD_RUNPATH_SEARCH_PATHS = "$(inherited) @executable_path/Frameworks";
				PRODUCT_NAME = "$(TARGET_NAME)";
			};
			name = Debug;
		};
		FE7E003D1AFD3D1000068EE3 /* Release */ = {
			isa = XCBuildConfiguration;
			buildSettings = {
				ASSETCATALOG_COMPILER_APPICON_NAME = AppIcon;
				INFOPLIST_FILE = Ratings/Info.plist;
				LD_RUNPATH_SEARCH_PATHS = "$(inherited) @executable_path/Frameworks";
				PRODUCT_NAME = "$(TARGET_NAME)";
			};
			name = Release;
		};
		FE7E003F1AFD3D1000068EE3 /* Debug */ = {
			isa = XCBuildConfiguration;
			buildSettings = {
				BUNDLE_LOADER = "$(TEST_HOST)";
				FRAMEWORK_SEARCH_PATHS = (
					"$(SDKROOT)/Developer/Library/Frameworks",
					"$(inherited)",
				);
				GCC_PREPROCESSOR_DEFINITIONS = (
					"DEBUG=1",
					"$(inherited)",
				);
				INFOPLIST_FILE = RatingsTests/Info.plist;
				LD_RUNPATH_SEARCH_PATHS = "$(inherited) @executable_path/Frameworks @loader_path/Frameworks";
				PRODUCT_NAME = "$(TARGET_NAME)";
				TEST_HOST = "$(BUILT_PRODUCTS_DIR)/Ratings.app/Ratings";
			};
			name = Debug;
		};
		FE7E00401AFD3D1000068EE3 /* Release */ = {
			isa = XCBuildConfiguration;
			buildSettings = {
				BUNDLE_LOADER = "$(TEST_HOST)";
				FRAMEWORK_SEARCH_PATHS = (
					"$(SDKROOT)/Developer/Library/Frameworks",
					"$(inherited)",
				);
				INFOPLIST_FILE = RatingsTests/Info.plist;
				LD_RUNPATH_SEARCH_PATHS = "$(inherited) @executable_path/Frameworks @loader_path/Frameworks";
				PRODUCT_NAME = "$(TARGET_NAME)";
				TEST_HOST = "$(BUILT_PRODUCTS_DIR)/Ratings.app/Ratings";
			};
			name = Release;
		};
/* End XCBuildConfiguration section */

/* Begin XCConfigurationList section */
		FE7E00171AFD3D0F00068EE3 /* Build configuration list for PBXProject "Ratings" */ = {
			isa = XCConfigurationList;
			buildConfigurations = (
				FE7E00391AFD3D1000068EE3 /* Debug */,
				FE7E003A1AFD3D1000068EE3 /* Release */,
			);
			defaultConfigurationIsVisible = 0;
			defaultConfigurationName = Release;
		};
		FE7E003B1AFD3D1000068EE3 /* Build configuration list for PBXNativeTarget "Ratings" */ = {
			isa = XCConfigurationList;
			buildConfigurations = (
				FE7E003C1AFD3D1000068EE3 /* Debug */,
				FE7E003D1AFD3D1000068EE3 /* Release */,
			);
			defaultConfigurationIsVisible = 0;
		};
		FE7E003E1AFD3D1000068EE3 /* Build configuration list for PBXNativeTarget "RatingsTests" */ = {
			isa = XCConfigurationList;
			buildConfigurations = (
				FE7E003F1AFD3D1000068EE3 /* Debug */,
				FE7E00401AFD3D1000068EE3 /* Release */,
			);
			defaultConfigurationIsVisible = 0;
		};
/* End XCConfigurationList section */
	};
	rootObject = FE7E00141AFD3D0F00068EE3 /* Project object */;
}
